
Microsoft Visual Studio Solution File, Format Version 12.00
Project("{FAE04EC0-301F-11D3-BF4B-00C04F79EFBC}") = "MentalDesk.AsyncVoid", "MentalDesk.AsyncVoid\MentalDesk.AsyncVoid.csproj", "{DA1212A0-CA3A-4694-A033-10C012628FC2}"
EndProject
Project("{FAE04EC0-301F-11D3-BF4B-00C04F79EFBC}") = "MentalDesk.AsyncVoid.Sample", "MentalDesk.AsyncVoid.Sample\MentalDesk.AsyncVoid.Sample.csproj", "{58121302-7B99-4296-84BD-DFB14C408ED3}"
EndProject
Global
	GlobalSection(SolutionConfigurationPlatforms) = preSolution
		Debug|Any CPU = Debug|Any CPU
		Release|Any CPU = Release|Any CPU
	EndGlobalSection
	GlobalSection(ProjectConfigurationPlatforms) = postSolution
		{DA1212A0-CA3A-4694-A033-10C012628FC2}.Debug|Any CPU.ActiveCfg = Debug|Any CPU
		{DA1212A0-CA3A-4694-A033-10C012628FC2}.Debug|Any CPU.Build.0 = Debug|Any CPU
		{DA1212A0-CA3A-4694-A033-10C012628FC2}.Release|Any CPU.ActiveCfg = Release|Any CPU
		{DA1212A0-CA3A-4694-A033-10C012628FC2}.Release|Any CPU.Build.0 = Release|Any CPU
		{58121302-7B99-4296-84BD-DFB14C408ED3}.Debug|Any CPU.ActiveCfg = Debug|Any CPU
		{58121302-7B99-4296-84BD-DFB14C408ED3}.Debug|Any CPU.Build.0 = Debug|Any CPU
		{58121302-7B99-4296-84BD-DFB14C408ED3}.Release|Any CPU.ActiveCfg = Release|Any CPU
		{58121302-7B99-4296-84BD-DFB14C408ED3}.Release|Any CPU.Build.0 = Release|Any CPU
	EndGlobalSection
EndGlobal
